// !$*UTF8*$!
{
	archiveVersion = 1;
	classes = {
	};
	objectVersion = 46;
	objects = {

/* Begin PBXBuildFile section */
		4FD9E318BE7E236877D5486C /* Pods_Chat.framework in Frameworks */ = {isa = PBXBuildFile; fileRef = 1A703A5A2962ADF63A7FCB6A /* Pods_Chat.framework */; };
		E30C3F0C1DC344B1007411AD /* TextCell.swift in Sources */ = {isa = PBXBuildFile; fileRef = E30C3F0B1DC344B1007411AD /* TextCell.swift */; };
		E3133EE81DC1F83300B21AB9 /* AppDelegate.swift in Sources */ = {isa = PBXBuildFile; fileRef = E3133EE71DC1F83300B21AB9 /* AppDelegate.swift */; };
		E3133EED1DC1F83300B21AB9 /* Main.storyboard in Resources */ = {isa = PBXBuildFile; fileRef = E3133EEB1DC1F83300B21AB9 /* Main.storyboard */; };
		E3133EEF1DC1F83300B21AB9 /* Assets.xcassets in Resources */ = {isa = PBXBuildFile; fileRef = E3133EEE1DC1F83300B21AB9 /* Assets.xcassets */; };
		E3133EF21DC1F83300B21AB9 /* LaunchScreen.storyboard in Resources */ = {isa = PBXBuildFile; fileRef = E3133EF01DC1F83300B21AB9 /* LaunchScreen.storyboard */; };
		E34CB4551DC2F6C8008596B6 /* ChatViewController.swift in Sources */ = {isa = PBXBuildFile; fileRef = E34CB4541DC2F6C8008596B6 /* ChatViewController.swift */; };
		E37EE4991DC2EBD3007EA874 /* LoginViewController.swift in Sources */ = {isa = PBXBuildFile; fileRef = E37EE4981DC2EBD3007EA874 /* LoginViewController.swift */; };
/* End PBXBuildFile section */

/* Begin PBXFileReference section */
		0975366CD23C65F93435950B /* Pods-Chat.release.xcconfig */ = {isa = PBXFileReference; includeInIndex = 1; lastKnownFileType = text.xcconfig; name = "Pods-Chat.release.xcconfig"; path = "Pods/Target Support Files/Pods-Chat/Pods-Chat.release.xcconfig"; sourceTree = "<group>"; };
		1A703A5A2962ADF63A7FCB6A /* Pods_Chat.framework */ = {isa = PBXFileReference; explicitFileType = wrapper.framework; includeInIndex = 0; path = Pods_Chat.framework; sourceTree = BUILT_PRODUCTS_DIR; };
		C3FDC9DD1C184E75DE8B0B28 /* Pods-Chat.debug.xcconfig */ = {isa = PBXFileReference; includeInIndex = 1; lastKnownFileType = text.xcconfig; name = "Pods-Chat.debug.xcconfig"; path = "Pods/Target Support Files/Pods-Chat/Pods-Chat.debug.xcconfig"; sourceTree = "<group>"; };
		E30C3F0B1DC344B1007411AD /* TextCell.swift */ = {isa = PBXFileReference; fileEncoding = 4; lastKnownFileType = sourcecode.swift; path = TextCell.swift; sourceTree = "<group>"; };
		E3133EE41DC1F83300B21AB9 /* Chat.app */ = {isa = PBXFileReference; explicitFileType = wrapper.application; includeInIndex = 0; path = Chat.app; sourceTree = BUILT_PRODUCTS_DIR; };
		E3133EE71DC1F83300B21AB9 /* AppDelegate.swift */ = {isa = PBXFileReference; lastKnownFileType = sourcecode.swift; path = AppDelegate.swift; sourceTree = "<group>"; };
		E3133EEC1DC1F83300B21AB9 /* Base */ = {isa = PBXFileReference; lastKnownFileType = file.storyboard; name = Base; path = Base.lproj/Main.storyboard; sourceTree = "<group>"; };
		E3133EEE1DC1F83300B21AB9 /* Assets.xcassets */ = {isa = PBXFileReference; lastKnownFileType = folder.assetcatalog; path = Assets.xcassets; sourceTree = "<group>"; };
		E3133EF11DC1F83300B21AB9 /* Base */ = {isa = PBXFileReference; lastKnownFileType = file.storyboard; name = Base; path = Base.lproj/LaunchScreen.storyboard; sourceTree = "<group>"; };
		E3133EF31DC1F83300B21AB9 /* Info.plist */ = {isa = PBXFileReference; lastKnownFileType = text.plist.xml; path = Info.plist; sourceTree = "<group>"; };
		E34CB4541DC2F6C8008596B6 /* ChatViewController.swift */ = {isa = PBXFileReference; fileEncoding = 4; lastKnownFileType = sourcecode.swift; path = ChatViewController.swift; sourceTree = "<group>"; };
		E37EE4981DC2EBD3007EA874 /* LoginViewController.swift */ = {isa = PBXFileReference; fileEncoding = 4; lastKnownFileType = sourcecode.swift; path = LoginViewController.swift; sourceTree = "<group>"; };
/* End PBXFileReference section */

/* Begin PBXFrameworksBuildPhase section */
		E3133EE11DC1F83300B21AB9 /* Frameworks */ = {
			isa = PBXFrameworksBuildPhase;
			buildActionMask = 2147483647;
			files = (
				4FD9E318BE7E236877D5486C /* Pods_Chat.framework in Frameworks */,
			);
			runOnlyForDeploymentPostprocessing = 0;
		};
/* End PBXFrameworksBuildPhase section */

/* Begin PBXGroup section */
		3F541E8DD151069AF470C325 /* Frameworks */ = {
			isa = PBXGroup;
			children = (
				1A703A5A2962ADF63A7FCB6A /* Pods_Chat.framework */,
			);
			name = Frameworks;
			sourceTree = "<group>";
		};
		ABFA4AD0203399FADC63A390 /* Pods */ = {
			isa = PBXGroup;
			children = (
				C3FDC9DD1C184E75DE8B0B28 /* Pods-Chat.debug.xcconfig */,
				0975366CD23C65F93435950B /* Pods-Chat.release.xcconfig */,
			);
			name = Pods;
			sourceTree = "<group>";
		};
		E3133EDB1DC1F83300B21AB9 = {
			isa = PBXGroup;
			children = (
				E3133EE61DC1F83300B21AB9 /* Chat */,
				E3133EE51DC1F83300B21AB9 /* Products */,
				ABFA4AD0203399FADC63A390 /* Pods */,
				3F541E8DD151069AF470C325 /* Frameworks */,
			);
			sourceTree = "<group>";
		};
		E3133EE51DC1F83300B21AB9 /* Products */ = {
			isa = PBXGroup;
			children = (
				E3133EE41DC1F83300B21AB9 /* Chat.app */,
			);
			name = Products;
			sourceTree = "<group>";
		};
		E3133EE61DC1F83300B21AB9 /* Chat */ = {
			isa = PBXGroup;
			children = (
				E3133EE71DC1F83300B21AB9 /* AppDelegate.swift */,
				E37EE4981DC2EBD3007EA874 /* LoginViewController.swift */,
				E34CB4541DC2F6C8008596B6 /* ChatViewController.swift */,
				E30C3F0B1DC344B1007411AD /* TextCell.swift */,
				E3133EEB1DC1F83300B21AB9 /* Main.storyboard */,
				E3133EEE1DC1F83300B21AB9 /* Assets.xcassets */,
				E3133EF01DC1F83300B21AB9 /* LaunchScreen.storyboard */,
				E3133EF31DC1F83300B21AB9 /* Info.plist */,
			);
			path = Chat;
			sourceTree = "<group>";
		};
/* End PBXGroup section */

/* Begin PBXNativeTarget section */
		E3133EE31DC1F83300B21AB9 /* Chat */ = {
			isa = PBXNativeTarget;
			buildConfigurationList = E3133EF61DC1F83300B21AB9 /* Build configuration list for PBXNativeTarget "Chat" */;
			buildPhases = (
				72763EF13C7483A9CA02E402 /* [CP] Check Pods Manifest.lock */,
				E3133EE01DC1F83300B21AB9 /* Sources */,
				E3133EE11DC1F83300B21AB9 /* Frameworks */,
				E3133EE21DC1F83300B21AB9 /* Resources */,
				1B79D620740F8865AC16EAF2 /* [CP] Embed Pods Frameworks */,
				5B1298E47B8DA5B3C6563688 /* [CP] Copy Pods Resources */,
			);
			buildRules = (
			);
			dependencies = (
			);
			name = Chat;
			productName = Chat;
			productReference = E3133EE41DC1F83300B21AB9 /* Chat.app */;
			productType = "com.apple.product-type.application";
		};
/* End PBXNativeTarget section */

/* Begin PBXProject section */
		E3133EDC1DC1F83300B21AB9 /* Project object */ = {
			isa = PBXProject;
			attributes = {
				LastSwiftUpdateCheck = 0800;
				LastUpgradeCheck = 0810;
				ORGANIZATIONNAME = "Satoru Sasozaki";
				TargetAttributes = {
					E3133EE31DC1F83300B21AB9 = {
						CreatedOnToolsVersion = 8.0;
						ProvisioningStyle = Automatic;
					};
				};
			};
			buildConfigurationList = E3133EDF1DC1F83300B21AB9 /* Build configuration list for PBXProject "Chat" */;
			compatibilityVersion = "Xcode 3.2";
			developmentRegion = English;
			hasScannedForEncodings = 0;
			knownRegions = (
				en,
				Base,
			);
			mainGroup = E3133EDB1DC1F83300B21AB9;
			productRefGroup = E3133EE51DC1F83300B21AB9 /* Products */;
			projectDirPath = "";
			projectRoot = "";
			targets = (
				E3133EE31DC1F83300B21AB9 /* Chat */,
			);
		};
/* End PBXProject section */

/* Begin PBXResourcesBuildPhase section */
		E3133EE21DC1F83300B21AB9 /* Resources */ = {
			isa = PBXResourcesBuildPhase;
			buildActionMask = 2147483647;
			files = (
				E3133EF21DC1F83300B21AB9 /* LaunchScreen.storyboard in Resources */,
				E3133EEF1DC1F83300B21AB9 /* Assets.xcassets in Resources */,
				E3133EED1DC1F83300B21AB9 /* Main.storyboard in Resources */,
			);
			runOnlyForDeploymentPostprocessing = 0;
		};
/* End PBXResourcesBuildPhase section */

/* Begin PBXShellScriptBuildPhase section */
		1B79D620740F8865AC16EAF2 /* [CP] Embed Pods Frameworks */ = {
			isa = PBXShellScriptBuildPhase;
			buildActionMask = 2147483647;
			files = (
			);
			inputPaths = (
			);
			name = "[CP] Embed Pods Frameworks";
			outputPaths = (
			);
			runOnlyForDeploymentPostprocessing = 0;
			shellPath = /bin/sh;
			shellScript = "\"${SRCROOT}/Pods/Target Support Files/Pods-Chat/Pods-Chat-frameworks.sh\"\n";
			showEnvVarsInLog = 0;
		};
		5B1298E47B8DA5B3C6563688 /* [CP] Copy Pods Resources */ = {
			isa = PBXShellScriptBuildPhase;
			buildActionMask = 2147483647;
			files = (
			);
			inputPaths = (
			);
			name = "[CP] Copy Pods Resources";
			outputPaths = (
			);
			runOnlyForDeploymentPostprocessing = 0;
			shellPath = /bin/sh;
			shellScript = "\"${SRCROOT}/Pods/Target Support Files/Pods-Chat/Pods-Chat-resources.sh\"\n";
			showEnvVarsInLog = 0;
		};
		72763EF13C7483A9CA02E402 /* [CP] Check Pods Manifest.lock */ = {
			isa = PBXShellScriptBuildPhase;
			buildActionMask = 2147483647;
			files = (
			);
			inputPaths = (
			);
			name = "[CP] Check Pods Manifest.lock";
			outputPaths = (
			);
			runOnlyForDeploymentPostprocessing = 0;
			shellPath = /bin/sh;
			shellScript = "diff \"${PODS_ROOT}/../Podfile.lock\" \"${PODS_ROOT}/Manifest.lock\" > /dev/null\nif [ $? != 0 ] ; then\n    # print error to STDERR\n    echo \"error: The sandbox is not in sync with the Podfile.lock. Run 'pod install' or update your CocoaPods installation.\" >&2\n    exit 1\nfi\n";
			showEnvVarsInLog = 0;
		};
/* End PBXShellScriptBuildPhase section */

/* Begin PBXSourcesBuildPhase section */
		E3133EE01DC1F83300B21AB9 /* Sources */ = {
			isa = PBXSourcesBuildPhase;
			buildActionMask = 2147483647;
			files = (
				E37EE4991DC2EBD3007EA874 /* LoginViewController.swift in Sources */,
				E34CB4551DC2F6C8008596B6 /* ChatViewController.swift in Sources */,
				E30C3F0C1DC344B1007411AD /* TextCell.swift in Sources */,
				E3133EE81DC1F83300B21AB9 /* AppDelegate.swift in Sources */,
			);
			runOnlyForDeploymentPostprocessing = 0;
		};
/* End PBXSourcesBuildPhase section */

/* Begin PBXVariantGroup section */
		E3133EEB1DC1F83300B21AB9 /* Main.storyboard */ = {
			isa = PBXVariantGroup;
			children = (
				E3133EEC1DC1F83300B21AB9 /* Base */,
			);
			name = Main.storyboard;
			sourceTree = "<group>";
		};
		E3133EF01DC1F83300B21AB9 /* LaunchScreen.storyboard */ = {
			isa = PBXVariantGroup;
			children = (
				E3133EF11DC1F83300B21AB9 /* Base */,
			);
			name = LaunchScreen.storyboard;
			sourceTree = "<group>";
		};
/* End PBXVariantGroup section */

/* Begin XCBuildConfiguration section */
		E3133EF41DC1F83300B21AB9 /* Debug */ = {
			isa = XCBuildConfiguration;
			buildSettings = {
				ALWAYS_SEARCH_USER_PATHS = NO;
				CLANG_ANALYZER_NONNULL = YES;
				CLANG_CXX_LANGUAGE_STANDARD = "gnu++0x";
				CLANG_CXX_LIBRARY = "libc++";
				CLANG_ENABLE_MODULES = YES;
				CLANG_ENABLE_OBJC_ARC = YES;
				CLANG_WARN_BOOL_CONVERSION = YES;
				CLANG_WARN_CONSTANT_CONVERSION = YES;
				CLANG_WARN_DIRECT_OBJC_ISA_USAGE = YES_ERROR;
				CLANG_WARN_DOCUMENTATION_COMMENTS = YES;
				CLANG_WARN_EMPTY_BODY = YES;
				CLANG_WARN_ENUM_CONVERSION = YES;
				CLANG_WARN_INFINITE_RECURSION = YES;
				CLANG_WARN_INT_CONVERSION = YES;
				CLANG_WARN_OBJC_ROOT_CLASS = YES_ERROR;
				CLANG_WARN_SUSPICIOUS_MOVE = YES;
				CLANG_WARN_SUSPICIOUS_MOVES = YES;
				CLANG_WARN_UNREACHABLE_CODE = YES;
				CLANG_WARN__DUPLICATE_METHOD_MATCH = YES;
				"CODE_SIGN_IDENTITY[sdk=iphoneos*]" = "iPhone Developer";
				COPY_PHASE_STRIP = NO;
				DEBUG_INFORMATION_FORMAT = dwarf;
				ENABLE_STRICT_OBJC_MSGSEND = YES;
				ENABLE_TESTABILITY = YES;
				GCC_C_LANGUAGE_STANDARD = gnu99;
				GCC_DYNAMIC_NO_PIC = NO;
				GCC_NO_COMMON_BLOCKS = YES;
				GCC_OPTIMIZATION_LEVEL = 0;
				GCC_PREPROCESSOR_DEFINITIONS = (
					"DEBUG=1",
					"$(inherited)",
				);
				GCC_WARN_64_TO_32_BIT_CONVERSION = YES;
				GCC_WARN_ABOUT_RETURN_TYPE = YES_ERROR;
				GCC_WARN_UNDECLARED_SELECTOR = YES;
				GCC_WARN_UNINITIALIZED_AUTOS = YES_AGGRESSIVE;
				GCC_WARN_UNUSED_FUNCTION = YES;
				GCC_WARN_UNUSED_VARIABLE = YES;
				IPHONEOS_DEPLOYMENT_TARGET = 10.0;
				MTL_ENABLE_DEBUG_INFO = YES;
				ONLY_ACTIVE_ARCH = YES;
				SDKROOT = iphoneos;
				SWIFT_ACTIVE_COMPILATION_CONDITIONS = DEBUG;
				SWIFT_OPTIMIZATION_LEVEL = "-Onone";
				TARGETED_DEVICE_FAMILY = "1,2";
			};
			name = Debug;
		};
		E3133EF51DC1F83300B21AB9 /* Release */ = {
			isa = XCBuildConfiguration;
			buildSettings = {
				ALWAYS_SEARCH_USER_PATHS = NO;
				CLANG_ANALYZER_NONNULL = YES;
				CLANG_CXX_LANGUAGE_STANDARD = "gnu++0x";
				CLANG_CXX_LIBRARY = "libc++";
				CLANG_ENABLE_MODULES = YES;
				CLANG_ENABLE_OBJC_ARC = YES;
				CLANG_WARN_BOOL_CONVERSION = YES;
				CLANG_WARN_CONSTANT_CONVERSION = YES;
				CLANG_WARN_DIRECT_OBJC_ISA_USAGE = YES_ERROR;
				CLANG_WARN_DOCUMENTATION_COMMENTS = YES;
				CLANG_WARN_EMPTY_BODY = YES;
				CLANG_WARN_ENUM_CONVERSION = YES;
				CLANG_WARN_INFINITE_RECURSION = YES;
				CLANG_WARN_INT_CONVERSION = YES;
				CLANG_WARN_OBJC_ROOT_CLASS = YES_ERROR;
				CLANG_WARN_SUSPICIOUS_MOVE = YES;
				CLANG_WARN_SUSPICIOUS_MOVES = YES;
				CLANG_WARN_UNREACHABLE_CODE = YES;
				CLANG_WARN__DUPLICATE_METHOD_MATCH = YES;
				"CODE_SIGN_IDENTITY[sdk=iphoneos*]" = "iPhone Developer";
				COPY_PHASE_STRIP = NO;
				DEBUG_INFORMATION_FORMAT = "dwarf-with-dsym";
				ENABLE_NS_ASSERTIONS = NO;
				ENABLE_STRICT_OBJC_MSGSEND = YES;
				GCC_C_LANGUAGE_STANDARD = gnu99;
				GCC_NO_COMMON_BLOCKS = YES;
				GCC_WARN_64_TO_32_BIT_CONVERSION = YES;
				GCC_WARN_ABOUT_RETURN_TYPE = YES_ERROR;
				GCC_WARN_UNDECLARED_SELECTOR = YES;
				GCC_WARN_UNINITIALIZED_AUTOS = YES_AGGRESSIVE;
				GCC_WARN_UNUSED_FUNCTION = YES;
				GCC_WARN_UNUSED_VARIABLE = YES;
				IPHONEOS_DEPLOYMENT_TARGET = 10.0;
				MTL_ENABLE_DEBUG_INFO = NO;
				SDKROOT = iphoneos;
				SWIFT_OPTIMIZATION_LEVEL = "-Owholemodule";
				TARGETED_DEVICE_FAMILY = "1,2";
				VALIDATE_PRODUCT = YES;
			};
			name = Release;
		};
		E3133EF71DC1F83300B21AB9 /* Debug */ = {
			isa = XCBuildConfiguration;
			baseConfigurationReference = C3FDC9DD1C184E75DE8B0B28 /* Pods-Chat.debug.xcconfig */;
			buildSettings = {
				ASSETCATALOG_COMPILER_APPICON_NAME = AppIcon;
				INFOPLIST_FILE = Chat/Info.plist;
				LD_RUNPATH_SEARCH_PATHS = "$(inherited) @executable_path/Frameworks";
				PRODUCT_BUNDLE_IDENTIFIER = com.satorusasozaki.Chat;
				PRODUCT_NAME = "$(TARGET_NAME)";
				SWIFT_VERSION = 3.0;
			};
			name = Debug;
		};
		E3133EF81DC1F83300B21AB9 /* Release */ = {
			isa = XCBuildConfiguration;
			baseConfigurationReference = 0975366CD23C65F93435950B /* Pods-Chat.release.xcconfig */;
			buildSettings = {
				ASSETCATALOG_COMPILER_APPICON_NAME = AppIcon;
				INFOPLIST_FILE = Chat/Info.plist;
				LD_RUNPATH_SEARCH_PATHS = "$(inherited) @executable_path/Frameworks";
				PRODUCT_BUNDLE_IDENTIFIER = com.satorusasozaki.Chat;
				PRODUCT_NAME = "$(TARGET_NAME)";
				SWIFT_VERSION = 3.0;
			};
			name = Release;
		};
/* End XCBuildConfiguration section */

/* Begin XCConfigurationList section */
		E3133EDF1DC1F83300B21AB9 /* Build configuration list for PBXProject "Chat" */ = {
			isa = XCConfigurationList;
			buildConfigurations = (
				E3133EF41DC1F83300B21AB9 /* Debug */,
				E3133EF51DC1F83300B21AB9 /* Release */,
			);
			defaultConfigurationIsVisible = 0;
			defaultConfigurationName = Release;
		};
		E3133EF61DC1F83300B21AB9 /* Build configuration list for PBXNativeTarget "Chat" */ = {
			isa = XCConfigurationList;
			buildConfigurations = (
				E3133EF71DC1F83300B21AB9 /* Debug */,
				E3133EF81DC1F83300B21AB9 /* Release */,
			);
			defaultConfigurationIsVisible = 0;
			defaultConfigurationName = Release;
		};
/* End XCConfigurationList section */
	};
	rootObject = E3133EDC1DC1F83300B21AB9 /* Project object */;
}
